// !$*UTF8*$!
{
	archiveVersion = 1;
	classes = {
	};
	objectVersion = 50;
	objects = {

/* Begin PBXBuildFile section */
		C90C945C25B6A1C6006E936E /* AppDelegate.swift in Sources */ = {isa = PBXBuildFile; fileRef = C90C945B25B6A1C6006E936E /* AppDelegate.swift */; };
		C90C945E25B6A1C6006E936E /* SceneDelegate.swift in Sources */ = {isa = PBXBuildFile; fileRef = C90C945D25B6A1C6006E936E /* SceneDelegate.swift */; };
		C90C946025B6A1C6006E936E /* ContentView.swift in Sources */ = {isa = PBXBuildFile; fileRef = C90C945F25B6A1C6006E936E /* ContentView.swift */; };
		C90C946225B6A1C7006E936E /* Assets.xcassets in Resources */ = {isa = PBXBuildFile; fileRef = C90C946125B6A1C7006E936E /* Assets.xcassets */; };
		C90C946525B6A1C7006E936E /* Preview Assets.xcassets in Resources */ = {isa = PBXBuildFile; fileRef = C90C946425B6A1C7006E936E /* Preview Assets.xcassets */; };
		C90C946825B6A1C7006E936E /* LaunchScreen.storyboard in Resources */ = {isa = PBXBuildFile; fileRef = C90C946625B6A1C7006E936E /* LaunchScreen.storyboard */; };
/* End PBXBuildFile section */

/* Begin PBXFileReference section */
		C90C945825B6A1C6006E936E /* demo_UIBezierPathPractice.app */ = {isa = PBXFileReference; explicitFileType = wrapper.application; includeInIndex = 0; path = demo_UIBezierPathPractice.app; sourceTree = BUILT_PRODUCTS_DIR; };
		C90C945B25B6A1C6006E936E /* AppDelegate.swift */ = {isa = PBXFileReference; lastKnownFileType = sourcecode.swift; path = AppDelegate.swift; sourceTree = "<group>"; };
		C90C945D25B6A1C6006E936E /* SceneDelegate.swift */ = {isa = PBXFileReference; lastKnownFileType = sourcecode.swift; path = SceneDelegate.swift; sourceTree = "<group>"; };
		C90C945F25B6A1C6006E936E /* ContentView.swift */ = {isa = PBXFileReference; lastKnownFileType = sourcecode.swift; path = ContentView.swift; sourceTree = "<group>"; };
		C90C946125B6A1C7006E936E /* Assets.xcassets */ = {isa = PBXFileReference; lastKnownFileType = folder.assetcatalog; path = Assets.xcassets; sourceTree = "<group>"; };
		C90C946425B6A1C7006E936E /* Preview Assets.xcassets */ = {isa = PBXFileReference; lastKnownFileType = folder.assetcatalog; path = "Preview Assets.xcassets"; sourceTree = "<group>"; };
		C90C946725B6A1C7006E936E /* Base */ = {isa = PBXFileReference; lastKnownFileType = file.storyboard; name = Base; path = Base.lproj/LaunchScreen.storyboard; sourceTree = "<group>"; };
		C90C946925B6A1C7006E936E /* Info.plist */ = {isa = PBXFileReference; lastKnownFileType = text.plist.xml; path = Info.plist; sourceTree = "<group>"; };
/* End PBXFileReference section */

/* Begin PBXFrameworksBuildPhase section */
		C90C945525B6A1C6006E936E /* Frameworks */ = {
			isa = PBXFrameworksBuildPhase;
			buildActionMask = 2147483647;
			files = (
			);
			runOnlyForDeploymentPostprocessing = 0;
		};
/* End PBXFrameworksBuildPhase section */

/* Begin PBXGroup section */
		C90C944F25B6A1C6006E936E = {
			isa = PBXGroup;
			children = (
				C90C945A25B6A1C6006E936E /* demo_UIBezierPathPractice */,
				C90C945925B6A1C6006E936E /* Products */,
			);
			sourceTree = "<group>";
		};
		C90C945925B6A1C6006E936E /* Products */ = {
			isa = PBXGroup;
			children = (
				C90C945825B6A1C6006E936E /* demo_UIBezierPathPractice.app */,
			);
			name = Products;
			sourceTree = "<group>";
		};
		C90C945A25B6A1C6006E936E /* demo_UIBezierPathPractice */ = {
			isa = PBXGroup;
			children = (
				C90C945B25B6A1C6006E936E /* AppDelegate.swift */,
				C90C945D25B6A1C6006E936E /* SceneDelegate.swift */,
				C90C945F25B6A1C6006E936E /* ContentView.swift */,
				C90C946125B6A1C7006E936E /* Assets.xcassets */,
				C90C946625B6A1C7006E936E /* LaunchScreen.storyboard */,
				C90C946925B6A1C7006E936E /* Info.plist */,
				C90C946325B6A1C7006E936E /* Preview Content */,
			);
			path = demo_UIBezierPathPractice;
			sourceTree = "<group>";
		};
		C90C946325B6A1C7006E936E /* Preview Content */ = {
			isa = PBXGroup;
			children = (
				C90C946425B6A1C7006E936E /* Preview Assets.xcassets */,
			);
			path = "Preview Content";
			sourceTree = "<group>";
		};
/* End PBXGroup section */

/* Begin PBXNativeTarget section */
		C90C945725B6A1C6006E936E /* demo_UIBezierPathPractice */ = {
			isa = PBXNativeTarget;
			buildConfigurationList = C90C946C25B6A1C7006E936E /* Build configuration list for PBXNativeTarget "demo_UIBezierPathPractice" */;
			buildPhases = (
				C90C945425B6A1C6006E936E /* Sources */,
				C90C945525B6A1C6006E936E /* Frameworks */,
				C90C945625B6A1C6006E936E /* Resources */,
			);
			buildRules = (
			);
			dependencies = (
			);
			name = demo_UIBezierPathPractice;
			productName = demo_UIBezierPathPractice;
			productReference = C90C945825B6A1C6006E936E /* demo_UIBezierPathPractice.app */;
			productType = "com.apple.product-type.application";
		};
/* End PBXNativeTarget section */

/* Begin PBXProject section */
		C90C945025B6A1C6006E936E /* Project object */ = {
			isa = PBXProject;
			attributes = {
				LastSwiftUpdateCheck = 1220;
				LastUpgradeCheck = 1220;
				TargetAttributes = {
					C90C945725B6A1C6006E936E = {
						CreatedOnToolsVersion = 12.2;
					};
				};
			};
			buildConfigurationList = C90C945325B6A1C6006E936E /* Build configuration list for PBXProject "demo_UIBezierPathPractice" */;
			compatibilityVersion = "Xcode 9.3";
			developmentRegion = en;
			hasScannedForEncodings = 0;
			knownRegions = (
				en,
				Base,
			);
			mainGroup = C90C944F25B6A1C6006E936E;
			productRefGroup = C90C945925B6A1C6006E936E /* Products */;
			projectDirPath = "";
			projectRoot = "";
			targets = (
				C90C945725B6A1C6006E936E /* demo_UIBezierPathPractice */,
			);
		};
/* End PBXProject section */

/* Begin PBXResourcesBuildPhase section */
		C90C945625B6A1C6006E936E /* Resources */ = {
			isa = PBXResourcesBuildPhase;
			buildActionMask = 2147483647;
			files = (
				C90C946825B6A1C7006E936E /* LaunchScreen.storyboard in Resources */,
				C90C946525B6A1C7006E936E /* Preview Assets.xcassets in Resources */,
				C90C946225B6A1C7006E936E /* Assets.xcassets in Resources */,
			);
			runOnlyForDeploymentPostprocessing = 0;
		};
/* End PBXResourcesBuildPhase section */

/* Begin PBXSourcesBuildPhase section */
		C90C945425B6A1C6006E936E /* Sources */ = {
			isa = PBXSourcesBuildPhase;
			buildActionMask = 2147483647;
			files = (
				C90C945C25B6A1C6006E936E /* AppDelegate.swift in Sources */,
				C90C945E25B6A1C6006E936E /* SceneDelegate.swift in Sources */,
				C90C946025B6A1C6006E936E /* ContentView.swift in Sources */,
			);
			runOnlyForDeploymentPostprocessing = 0;
		};
/* End PBXSourcesBuildPhase section */

/* Begin PBXVariantGroup section */
		C90C946625B6A1C7006E936E /* LaunchScreen.storyboard */ = {
			isa = PBXVariantGroup;
			children = (
				C90C946725B6A1C7006E936E /* Base */,
			);
			name = LaunchScreen.storyboard;
			sourceTree = "<group>";
		};
/* End PBXVariantGroup section */

/* Begin XCBuildConfiguration section */
		C90C946A25B6A1C7006E936E /* Debug */ = {
			isa = XCBuildConfiguration;
			buildSettings = {
				ALWAYS_SEARCH_USER_PATHS = NO;
				CLANG_ANALYZER_NONNULL = YES;
				CLANG_ANALYZER_NUMBER_OBJECT_CONVERSION = YES_AGGRESSIVE;
				CLANG_CXX_LANGUAGE_STANDARD = "gnu++14";
				CLANG_CXX_LIBRARY = "libc++";
				CLANG_ENABLE_MODULES = YES;
				CLANG_ENABLE_OBJC_ARC = YES;
				CLANG_ENABLE_OBJC_WEAK = YES;
				CLANG_WARN_BLOCK_CAPTURE_AUTORELEASING = YES;
				CLANG_WARN_BOOL_CONVERSION = YES;
				CLANG_WARN_COMMA = YES;
				CLANG_WARN_CONSTANT_CONVERSION = YES;
				CLANG_WARN_DEPRECATED_OBJC_IMPLEMENTATIONS = YES;
				CLANG_WARN_DIRECT_OBJC_ISA_USAGE = YES_ERROR;
				CLANG_WARN_DOCUMENTATION_COMMENTS = YES;
				CLANG_WARN_EMPTY_BODY = YES;
				CLANG_WARN_ENUM_CONVERSION = YES;
				CLANG_WARN_INFINITE_RECURSION = YES;
				CLANG_WARN_INT_CONVERSION = YES;
				CLANG_WARN_NON_LITERAL_NULL_CONVERSION = YES;
				CLANG_WARN_OBJC_IMPLICIT_RETAIN_SELF = YES;
				CLANG_WARN_OBJC_LITERAL_CONVERSION = YES;
				CLANG_WARN_OBJC_ROOT_CLASS = YES_ERROR;
				CLANG_WARN_QUOTED_INCLUDE_IN_FRAMEWORK_HEADER = YES;
				CLANG_WARN_RANGE_LOOP_ANALYSIS = YES;
				CLANG_WARN_STRICT_PROTOTYPES = YES;
				CLANG_WARN_SUSPICIOUS_MOVE = YES;
				CLANG_WARN_UNGUARDED_AVAILABILITY = YES_AGGRESSIVE;
				CLANG_WARN_UNREACHABLE_CODE = YES;
				CLANG_WARN__DUPLICATE_METHOD_MATCH = YES;
				COPY_PHASE_STRIP = NO;
				DEBUG_INFORMATION_FORMAT = dwarf;
				ENABLE_STRICT_OBJC_MSGSEND = YES;
				ENABLE_TESTABILITY = YES;
				GCC_C_LANGUAGE_STANDARD = gnu11;
				GCC_DYNAMIC_NO_PIC = NO;
				GCC_NO_COMMON_BLOCKS = YES;
				GCC_OPTIMIZATION_LEVEL = 0;
				GCC_PREPROCESSOR_DEFINITIONS = (
					"DEBUG=1",
					"$(inherited)",
				);
				GCC_WARN_64_TO_32_BIT_CONVERSION = YES;
				GCC_WARN_ABOUT_RETURN_TYPE = YES_ERROR;
				GCC_WARN_UNDECLARED_SELECTOR = YES;
				GCC_WARN_UNINITIALIZED_AUTOS = YES_AGGRESSIVE;
				GCC_WARN_UNUSED_FUNCTION = YES;
				GCC_WARN_UNUSED_VARIABLE = YES;
				IPHONEOS_DEPLOYMENT_TARGET = 14.2;
				MTL_ENABLE_DEBUG_INFO = INCLUDE_SOURCE;
				MTL_FAST_MATH = YES;
				ONLY_ACTIVE_ARCH = YES;
				SDKROOT = iphoneos;
				SWIFT_ACTIVE_COMPILATION_CONDITIONS = DEBUG;
				SWIFT_OPTIMIZATION_LEVEL = "-Onone";
			};
			name = Debug;
		};
		C90C946B25B6A1C7006E936E /* Release */ = {
			isa = XCBuildConfiguration;
			buildSettings = {
				ALWAYS_SEARCH_USER_PATHS = NO;
				CLANG_ANALYZER_NONNULL = YES;
				CLANG_ANALYZER_NUMBER_OBJECT_CONVERSION = YES_AGGRESSIVE;
				CLANG_CXX_LANGUAGE_STANDARD = "gnu++14";
				CLANG_CXX_LIBRARY = "libc++";
				CLANG_ENABLE_MODULES = YES;
				CLANG_ENABLE_OBJC_ARC = YES;
				CLANG_ENABLE_OBJC_WEAK = YES;
				CLANG_WARN_BLOCK_CAPTURE_AUTORELEASING = YES;
				CLANG_WARN_BOOL_CONVERSION = YES;
				CLANG_WARN_COMMA = YES;
				CLANG_WARN_CONSTANT_CONVERSION = YES;
				CLANG_WARN_DEPRECATED_OBJC_IMPLEMENTATIONS = YES;
				CLANG_WARN_DIRECT_OBJC_ISA_USAGE = YES_ERROR;
				CLANG_WARN_DOCUMENTATION_COMMENTS = YES;
				CLANG_WARN_EMPTY_BODY = YES;
				CLANG_WARN_ENUM_CONVERSION = YES;
				CLANG_WARN_INFINITE_RECURSION = YES;
				CLANG_WARN_INT_CONVERSION = YES;
				CLANG_WARN_NON_LITERAL_NULL_CONVERSION = YES;
				CLANG_WARN_OBJC_IMPLICIT_RETAIN_SELF = YES;
				CLANG_WARN_OBJC_LITERAL_CONVERSION = YES;
				CLANG_WARN_OBJC_ROOT_CLASS = YES_ERROR;
				CLANG_WARN_QUOTED_INCLUDE_IN_FRAMEWORK_HEADER = YES;
				CLANG_WARN_RANGE_LOOP_ANALYSIS = YES;
				CLANG_WARN_STRICT_PROTOTYPES = YES;
				CLANG_WARN_SUSPICIOUS_MOVE = YES;
				CLANG_WARN_UNGUARDED_AVAILABILITY = YES_AGGRESSIVE;
				CLANG_WARN_UNREACHABLE_CODE = YES;
				CLANG_WARN__DUPLICATE_METHOD_MATCH = YES;
				COPY_PHASE_STRIP = NO;
				DEBUG_INFORMATION_FORMAT = "dwarf-with-dsym";
				ENABLE_NS_ASSERTIONS = NO;
				ENABLE_STRICT_OBJC_MSGSEND = YES;
				GCC_C_LANGUAGE_STANDARD = gnu11;
				GCC_NO_COMMON_BLOCKS = YES;
				GCC_WARN_64_TO_32_BIT_CONVERSION = YES;
				GCC_WARN_ABOUT_RETURN_TYPE = YES_ERROR;
				GCC_WARN_UNDECLARED_SELECTOR = YES;
				GCC_WARN_UNINITIALIZED_AUTOS = YES_AGGRESSIVE;
				GCC_WARN_UNUSED_FUNCTION = YES;
				GCC_WARN_UNUSED_VARIABLE = YES;
				IPHONEOS_DEPLOYMENT_TARGET = 14.2;
				MTL_ENABLE_DEBUG_INFO = NO;
				MTL_FAST_MATH = YES;
				SDKROOT = iphoneos;
				SWIFT_COMPILATION_MODE = wholemodule;
				SWIFT_OPTIMIZATION_LEVEL = "-O";
				VALIDATE_PRODUCT = YES;
			};
			name = Release;
		};
		C90C946D25B6A1C7006E936E /* Debug */ = {
			isa = XCBuildConfiguration;
			buildSettings = {
				ASSETCATALOG_COMPILER_APPICON_NAME = AppIcon;
				ASSETCATALOG_COMPILER_GLOBAL_ACCENT_COLOR_NAME = AccentColor;
				CODE_SIGN_STYLE = Automatic;
				DEVELOPMENT_ASSET_PATHS = "\"demo_UIBezierPathPractice/Preview Content\"";
				DEVELOPMENT_TEAM = KZ4YU874PU;
				ENABLE_PREVIEWS = YES;
				INFOPLIST_FILE = demo_UIBezierPathPractice/Info.plist;
				LD_RUNPATH_SEARCH_PATHS = (
					"$(inherited)",
					"@executable_path/Frameworks",
				);
				PRODUCT_BUNDLE_IDENTIFIER = "com.patty.demo-UIBezierPathPractice";
				PRODUCT_NAME = "$(TARGET_NAME)";
				SWIFT_VERSION = 5.0;
				TARGETED_DEVICE_FAMILY = "1,2";
			};
			name = Debug;
		};
		C90C946E25B6A1C7006E936E /* Release */ = {
			isa = XCBuildConfiguration;
			buildSettings = {
				ASSETCATALOG_COMPILER_APPICON_NAME = AppIcon;
				ASSETCATALOG_COMPILER_GLOBAL_ACCENT_COLOR_NAME = AccentColor;
				CODE_SIGN_STYLE = Automatic;
				DEVELOPMENT_ASSET_PATHS = "\"demo_UIBezierPathPractice/Preview Content\"";
				DEVELOPMENT_TEAM = KZ4YU874PU;
				ENABLE_PREVIEWS = YES;
				INFOPLIST_FILE = demo_UIBezierPathPractice/Info.plist;
				LD_RUNPATH_SEARCH_PATHS = (
					"$(inherited)",
					"@executable_path/Frameworks",
				);
				PRODUCT_BUNDLE_IDENTIFIER = "com.patty.demo-UIBezierPathPractice";
				PRODUCT_NAME = "$(TARGET_NAME)";
				SWIFT_VERSION = 5.0;
				TARGETED_DEVICE_FAMILY = "1,2";
			};
			name = Release;
		};
/* End XCBuildConfiguration section */

/* Begin XCConfigurationList section */
		C90C945325B6A1C6006E936E /* Build configuration list for PBXProject "demo_UIBezierPathPractice" */ = {
			isa = XCConfigurationList;
			buildConfigurations = (
				C90C946A25B6A1C7006E936E /* Debug */,
				C90C946B25B6A1C7006E936E /* Release */,
			);
			defaultConfigurationIsVisible = 0;
			defaultConfigurationName = Release;
		};
		C90C946C25B6A1C7006E936E /* Build configuration list for PBXNativeTarget "demo_UIBezierPathPractice" */ = {
			isa = XCConfigurationList;
			buildConfigurations = (
				C90C946D25B6A1C7006E936E /* Debug */,
				C90C946E25B6A1C7006E936E /* Release */,
			);
			defaultConfigurationIsVisible = 0;
			defaultConfigurationName = Release;
		};
/* End XCConfigurationList section */
	};
	rootObject = C90C945025B6A1C6006E936E /* Project object */;
}
